
Microsoft Visual Studio Solution File, Format Version 12.00
# Visual Studio Version 17
VisualStudioVersion = 17.7.34221.43
MinimumVisualStudioVersion = 10.0.40219.1
Project("{FAE04EC0-301F-11D3-BF4B-00C04F79EFBC}") = "ConsoleAppDay6Assignment", "ConsoleAppDay6Assignment\ConsoleAppDay6Assignment.csproj", "{FCA859FA-646F-4C70-A80A-4B9BC3867DCD}"
EndProject
Global
	GlobalSection(SolutionConfigurationPlatforms) = preSolution
		Debug|Any CPU = Debug|Any CPU
		Release|Any CPU = Release|Any CPU
	EndGlobalSection
	GlobalSection(ProjectConfigurationPlatforms) = postSolution
		{FCA859FA-646F-4C70-A80A-4B9BC3867DCD}.Debug|Any CPU.ActiveCfg = Debug|Any CPU
		{FCA859FA-646F-4C70-A80A-4B9BC3867DCD}.Debug|Any CPU.Build.0 = Debug|Any CPU
		{FCA859FA-646F-4C70-A80A-4B9BC3867DCD}.Release|Any CPU.ActiveCfg = Release|Any CPU
		{FCA859FA-646F-4C70-A80A-4B9BC3867DCD}.Release|Any CPU.Build.0 = Release|Any CPU
	EndGlobalSection
	GlobalSection(SolutionProperties) = preSolution
		HideSolutionNode = FALSE
	EndGlobalSection
	GlobalSection(ExtensibilityGlobals) = postSolution
		SolutionGuid = {8CE4714C-75DD-4039-8790-4415BC6328A3}
	EndGlobalSection
EndGlobal
